// !$*UTF8*$!
{
	archiveVersion = 1;
	classes = {
	};
	objectVersion = 50;
	objects = {

/* Begin PBXBuildFile section */
		5016910326BA918200FAD6D7 /* AppDelegate.swift in Sources */ = {isa = PBXBuildFile; fileRef = 5016910226BA918200FAD6D7 /* AppDelegate.swift */; };
		5016910526BA918200FAD6D7 /* SceneDelegate.swift in Sources */ = {isa = PBXBuildFile; fileRef = 5016910426BA918200FAD6D7 /* SceneDelegate.swift */; };
		5016910726BA918200FAD6D7 /* ViewController.swift in Sources */ = {isa = PBXBuildFile; fileRef = 5016910626BA918200FAD6D7 /* ViewController.swift */; };
		5016910A26BA918200FAD6D7 /* Main.storyboard in Resources */ = {isa = PBXBuildFile; fileRef = 5016910826BA918200FAD6D7 /* Main.storyboard */; };
		5016910C26BA918400FAD6D7 /* Assets.xcassets in Resources */ = {isa = PBXBuildFile; fileRef = 5016910B26BA918400FAD6D7 /* Assets.xcassets */; };
		5016910F26BA918400FAD6D7 /* LaunchScreen.storyboard in Resources */ = {isa = PBXBuildFile; fileRef = 5016910D26BA918400FAD6D7 /* LaunchScreen.storyboard */; };
		5016911D26BC294600FAD6D7 /* LoginButton.swift in Sources */ = {isa = PBXBuildFile; fileRef = 5016911C26BC294600FAD6D7 /* LoginButton.swift */; };
		5016912126BC2DCA00FAD6D7 /* Login.swift in Sources */ = {isa = PBXBuildFile; fileRef = 5016912026BC2DCA00FAD6D7 /* Login.swift */; };
		5016912326BC2EB000FAD6D7 /* LoginClient.swift in Sources */ = {isa = PBXBuildFile; fileRef = 5016912226BC2EB000FAD6D7 /* LoginClient.swift */; };
		5016912526BC436800FAD6D7 /* HomeViewController.swift in Sources */ = {isa = PBXBuildFile; fileRef = 5016912426BC436800FAD6D7 /* HomeViewController.swift */; };
/* End PBXBuildFile section */

/* Begin PBXFileReference section */
		501690FF26BA918200FAD6D7 /* LoginSample.app */ = {isa = PBXFileReference; explicitFileType = wrapper.application; includeInIndex = 0; path = LoginSample.app; sourceTree = BUILT_PRODUCTS_DIR; };
		5016910226BA918200FAD6D7 /* AppDelegate.swift */ = {isa = PBXFileReference; lastKnownFileType = sourcecode.swift; path = AppDelegate.swift; sourceTree = "<group>"; };
		5016910426BA918200FAD6D7 /* SceneDelegate.swift */ = {isa = PBXFileReference; lastKnownFileType = sourcecode.swift; path = SceneDelegate.swift; sourceTree = "<group>"; };
		5016910626BA918200FAD6D7 /* ViewController.swift */ = {isa = PBXFileReference; lastKnownFileType = sourcecode.swift; path = ViewController.swift; sourceTree = "<group>"; };
		5016910926BA918200FAD6D7 /* Base */ = {isa = PBXFileReference; lastKnownFileType = file.storyboard; name = Base; path = Base.lproj/Main.storyboard; sourceTree = "<group>"; };
		5016910B26BA918400FAD6D7 /* Assets.xcassets */ = {isa = PBXFileReference; lastKnownFileType = folder.assetcatalog; path = Assets.xcassets; sourceTree = "<group>"; };
		5016910E26BA918400FAD6D7 /* Base */ = {isa = PBXFileReference; lastKnownFileType = file.storyboard; name = Base; path = Base.lproj/LaunchScreen.storyboard; sourceTree = "<group>"; };
		5016911026BA918400FAD6D7 /* Info.plist */ = {isa = PBXFileReference; lastKnownFileType = text.plist.xml; path = Info.plist; sourceTree = "<group>"; };
		5016911C26BC294600FAD6D7 /* LoginButton.swift */ = {isa = PBXFileReference; lastKnownFileType = sourcecode.swift; path = LoginButton.swift; sourceTree = "<group>"; };
		5016912026BC2DCA00FAD6D7 /* Login.swift */ = {isa = PBXFileReference; lastKnownFileType = sourcecode.swift; path = Login.swift; sourceTree = "<group>"; };
		5016912226BC2EB000FAD6D7 /* LoginClient.swift */ = {isa = PBXFileReference; lastKnownFileType = sourcecode.swift; path = LoginClient.swift; sourceTree = "<group>"; };
		5016912426BC436800FAD6D7 /* HomeViewController.swift */ = {isa = PBXFileReference; lastKnownFileType = sourcecode.swift; path = HomeViewController.swift; sourceTree = "<group>"; };
/* End PBXFileReference section */

/* Begin PBXFrameworksBuildPhase section */
		501690FC26BA918200FAD6D7 /* Frameworks */ = {
			isa = PBXFrameworksBuildPhase;
			buildActionMask = 2147483647;
			files = (
			);
			runOnlyForDeploymentPostprocessing = 0;
		};
/* End PBXFrameworksBuildPhase section */

/* Begin PBXGroup section */
		501690F626BA918200FAD6D7 = {
			isa = PBXGroup;
			children = (
				5016910126BA918200FAD6D7 /* LoginSample */,
				5016910026BA918200FAD6D7 /* Products */,
			);
			sourceTree = "<group>";
		};
		5016910026BA918200FAD6D7 /* Products */ = {
			isa = PBXGroup;
			children = (
				501690FF26BA918200FAD6D7 /* LoginSample.app */,
			);
			name = Products;
			sourceTree = "<group>";
		};
		5016910126BA918200FAD6D7 /* LoginSample */ = {
			isa = PBXGroup;
			children = (
				5016912926BC5A0600FAD6D7 /* Assets */,
				5016912826BC59F700FAD6D7 /* Controller */,
				5016912726BC59EE00FAD6D7 /* Model */,
				5016912626BC59E600FAD6D7 /* View */,
				5016910226BA918200FAD6D7 /* AppDelegate.swift */,
				5016910426BA918200FAD6D7 /* SceneDelegate.swift */,
			);
			path = LoginSample;
			sourceTree = "<group>";
		};
		5016912626BC59E600FAD6D7 /* View */ = {
			isa = PBXGroup;
			children = (
				5016911C26BC294600FAD6D7 /* LoginButton.swift */,
			);
			path = View;
			sourceTree = "<group>";
		};
		5016912726BC59EE00FAD6D7 /* Model */ = {
			isa = PBXGroup;
			children = (
				5016912026BC2DCA00FAD6D7 /* Login.swift */,
				5016912226BC2EB000FAD6D7 /* LoginClient.swift */,
			);
			path = Model;
			sourceTree = "<group>";
		};
		5016912826BC59F700FAD6D7 /* Controller */ = {
			isa = PBXGroup;
			children = (
				5016910626BA918200FAD6D7 /* ViewController.swift */,
				5016912426BC436800FAD6D7 /* HomeViewController.swift */,
			);
			path = Controller;
			sourceTree = "<group>";
		};
		5016912926BC5A0600FAD6D7 /* Assets */ = {
			isa = PBXGroup;
			children = (
				5016910826BA918200FAD6D7 /* Main.storyboard */,
				5016910B26BA918400FAD6D7 /* Assets.xcassets */,
				5016910D26BA918400FAD6D7 /* LaunchScreen.storyboard */,
				5016911026BA918400FAD6D7 /* Info.plist */,
			);
			path = Assets;
			sourceTree = "<group>";
		};
/* End PBXGroup section */

/* Begin PBXNativeTarget section */
		501690FE26BA918200FAD6D7 /* LoginSample */ = {
			isa = PBXNativeTarget;
			buildConfigurationList = 5016911326BA918400FAD6D7 /* Build configuration list for PBXNativeTarget "LoginSample" */;
			buildPhases = (
				501690FB26BA918200FAD6D7 /* Sources */,
				501690FC26BA918200FAD6D7 /* Frameworks */,
				501690FD26BA918200FAD6D7 /* Resources */,
			);
			buildRules = (
			);
			dependencies = (
			);
			name = LoginSample;
			productName = LoginSample;
			productReference = 501690FF26BA918200FAD6D7 /* LoginSample.app */;
			productType = "com.apple.product-type.application";
		};
/* End PBXNativeTarget section */

/* Begin PBXProject section */
		501690F726BA918200FAD6D7 /* Project object */ = {
			isa = PBXProject;
			attributes = {
				LastSwiftUpdateCheck = 1250;
				LastUpgradeCheck = 1250;
				TargetAttributes = {
					501690FE26BA918200FAD6D7 = {
						CreatedOnToolsVersion = 12.5.1;
					};
				};
			};
			buildConfigurationList = 501690FA26BA918200FAD6D7 /* Build configuration list for PBXProject "LoginSample" */;
			compatibilityVersion = "Xcode 9.3";
			developmentRegion = en;
			hasScannedForEncodings = 0;
			knownRegions = (
				en,
				Base,
			);
			mainGroup = 501690F626BA918200FAD6D7;
			productRefGroup = 5016910026BA918200FAD6D7 /* Products */;
			projectDirPath = "";
			projectRoot = "";
			targets = (
				501690FE26BA918200FAD6D7 /* LoginSample */,
			);
		};
/* End PBXProject section */

/* Begin PBXResourcesBuildPhase section */
		501690FD26BA918200FAD6D7 /* Resources */ = {
			isa = PBXResourcesBuildPhase;
			buildActionMask = 2147483647;
			files = (
				5016910F26BA918400FAD6D7 /* LaunchScreen.storyboard in Resources */,
				5016910C26BA918400FAD6D7 /* Assets.xcassets in Resources */,
				5016910A26BA918200FAD6D7 /* Main.storyboard in Resources */,
			);
			runOnlyForDeploymentPostprocessing = 0;
		};
/* End PBXResourcesBuildPhase section */

/* Begin PBXSourcesBuildPhase section */
		501690FB26BA918200FAD6D7 /* Sources */ = {
			isa = PBXSourcesBuildPhase;
			buildActionMask = 2147483647;
			files = (
				5016911D26BC294600FAD6D7 /* LoginButton.swift in Sources */,
				5016910726BA918200FAD6D7 /* ViewController.swift in Sources */,
				5016910326BA918200FAD6D7 /* AppDelegate.swift in Sources */,
				5016912526BC436800FAD6D7 /* HomeViewController.swift in Sources */,
				5016912126BC2DCA00FAD6D7 /* Login.swift in Sources */,
				5016912326BC2EB000FAD6D7 /* LoginClient.swift in Sources */,
				5016910526BA918200FAD6D7 /* SceneDelegate.swift in Sources */,
			);
			runOnlyForDeploymentPostprocessing = 0;
		};
/* End PBXSourcesBuildPhase section */

/* Begin PBXVariantGroup section */
		5016910826BA918200FAD6D7 /* Main.storyboard */ = {
			isa = PBXVariantGroup;
			children = (
				5016910926BA918200FAD6D7 /* Base */,
			);
			name = Main.storyboard;
			sourceTree = "<group>";
		};
		5016910D26BA918400FAD6D7 /* LaunchScreen.storyboard */ = {
			isa = PBXVariantGroup;
			children = (
				5016910E26BA918400FAD6D7 /* Base */,
			);
			name = LaunchScreen.storyboard;
			sourceTree = "<group>";
		};
/* End PBXVariantGroup section */

/* Begin XCBuildConfiguration section */
		5016911126BA918400FAD6D7 /* Debug */ = {
			isa = XCBuildConfiguration;
			buildSettings = {
				ALWAYS_SEARCH_USER_PATHS = NO;
				CLANG_ANALYZER_NONNULL = YES;
				CLANG_ANALYZER_NUMBER_OBJECT_CONVERSION = YES_AGGRESSIVE;
				CLANG_CXX_LANGUAGE_STANDARD = "gnu++14";
				CLANG_CXX_LIBRARY = "libc++";
				CLANG_ENABLE_MODULES = YES;
				CLANG_ENABLE_OBJC_ARC = YES;
				CLANG_ENABLE_OBJC_WEAK = YES;
				CLANG_WARN_BLOCK_CAPTURE_AUTORELEASING = YES;
				CLANG_WARN_BOOL_CONVERSION = YES;
				CLANG_WARN_COMMA = YES;
				CLANG_WARN_CONSTANT_CONVERSION = YES;
				CLANG_WARN_DEPRECATED_OBJC_IMPLEMENTATIONS = YES;
				CLANG_WARN_DIRECT_OBJC_ISA_USAGE = YES_ERROR;
				CLANG_WARN_DOCUMENTATION_COMMENTS = YES;
				CLANG_WARN_EMPTY_BODY = YES;
				CLANG_WARN_ENUM_CONVERSION = YES;
				CLANG_WARN_INFINITE_RECURSION = YES;
				CLANG_WARN_INT_CONVERSION = YES;
				CLANG_WARN_NON_LITERAL_NULL_CONVERSION = YES;
				CLANG_WARN_OBJC_IMPLICIT_RETAIN_SELF = YES;
				CLANG_WARN_OBJC_LITERAL_CONVERSION = YES;
				CLANG_WARN_OBJC_ROOT_CLASS = YES_ERROR;
				CLANG_WARN_QUOTED_INCLUDE_IN_FRAMEWORK_HEADER = YES;
				CLANG_WARN_RANGE_LOOP_ANALYSIS = YES;
				CLANG_WARN_STRICT_PROTOTYPES = YES;
				CLANG_WARN_SUSPICIOUS_MOVE = YES;
				CLANG_WARN_UNGUARDED_AVAILABILITY = YES_AGGRESSIVE;
				CLANG_WARN_UNREACHABLE_CODE = YES;
				CLANG_WARN__DUPLICATE_METHOD_MATCH = YES;
				COPY_PHASE_STRIP = NO;
				DEBUG_INFORMATION_FORMAT = dwarf;
				ENABLE_STRICT_OBJC_MSGSEND = YES;
				ENABLE_TESTABILITY = YES;
				GCC_C_LANGUAGE_STANDARD = gnu11;
				GCC_DYNAMIC_NO_PIC = NO;
				GCC_NO_COMMON_BLOCKS = YES;
				GCC_OPTIMIZATION_LEVEL = 0;
				GCC_PREPROCESSOR_DEFINITIONS = (
					"DEBUG=1",
					"$(inherited)",
				);
				GCC_WARN_64_TO_32_BIT_CONVERSION = YES;
				GCC_WARN_ABOUT_RETURN_TYPE = YES_ERROR;
				GCC_WARN_UNDECLARED_SELECTOR = YES;
				GCC_WARN_UNINITIALIZED_AUTOS = YES_AGGRESSIVE;
				GCC_WARN_UNUSED_FUNCTION = YES;
				GCC_WARN_UNUSED_VARIABLE = YES;
				IPHONEOS_DEPLOYMENT_TARGET = 14.5;
				MTL_ENABLE_DEBUG_INFO = INCLUDE_SOURCE;
				MTL_FAST_MATH = YES;
				ONLY_ACTIVE_ARCH = YES;
				SDKROOT = iphoneos;
				SWIFT_ACTIVE_COMPILATION_CONDITIONS = DEBUG;
				SWIFT_OPTIMIZATION_LEVEL = "-Onone";
			};
			name = Debug;
		};
		5016911226BA918400FAD6D7 /* Release */ = {
			isa = XCBuildConfiguration;
			buildSettings = {
				ALWAYS_SEARCH_USER_PATHS = NO;
				CLANG_ANALYZER_NONNULL = YES;
				CLANG_ANALYZER_NUMBER_OBJECT_CONVERSION = YES_AGGRESSIVE;
				CLANG_CXX_LANGUAGE_STANDARD = "gnu++14";
				CLANG_CXX_LIBRARY = "libc++";
				CLANG_ENABLE_MODULES = YES;
				CLANG_ENABLE_OBJC_ARC = YES;
				CLANG_ENABLE_OBJC_WEAK = YES;
				CLANG_WARN_BLOCK_CAPTURE_AUTORELEASING = YES;
				CLANG_WARN_BOOL_CONVERSION = YES;
				CLANG_WARN_COMMA = YES;
				CLANG_WARN_CONSTANT_CONVERSION = YES;
				CLANG_WARN_DEPRECATED_OBJC_IMPLEMENTATIONS = YES;
				CLANG_WARN_DIRECT_OBJC_ISA_USAGE = YES_ERROR;
				CLANG_WARN_DOCUMENTATION_COMMENTS = YES;
				CLANG_WARN_EMPTY_BODY = YES;
				CLANG_WARN_ENUM_CONVERSION = YES;
				CLANG_WARN_INFINITE_RECURSION = YES;
				CLANG_WARN_INT_CONVERSION = YES;
				CLANG_WARN_NON_LITERAL_NULL_CONVERSION = YES;
				CLANG_WARN_OBJC_IMPLICIT_RETAIN_SELF = YES;
				CLANG_WARN_OBJC_LITERAL_CONVERSION = YES;
				CLANG_WARN_OBJC_ROOT_CLASS = YES_ERROR;
				CLANG_WARN_QUOTED_INCLUDE_IN_FRAMEWORK_HEADER = YES;
				CLANG_WARN_RANGE_LOOP_ANALYSIS = YES;
				CLANG_WARN_STRICT_PROTOTYPES = YES;
				CLANG_WARN_SUSPICIOUS_MOVE = YES;
				CLANG_WARN_UNGUARDED_AVAILABILITY = YES_AGGRESSIVE;
				CLANG_WARN_UNREACHABLE_CODE = YES;
				CLANG_WARN__DUPLICATE_METHOD_MATCH = YES;
				COPY_PHASE_STRIP = NO;
				DEBUG_INFORMATION_FORMAT = "dwarf-with-dsym";
				ENABLE_NS_ASSERTIONS = NO;
				ENABLE_STRICT_OBJC_MSGSEND = YES;
				GCC_C_LANGUAGE_STANDARD = gnu11;
				GCC_NO_COMMON_BLOCKS = YES;
				GCC_WARN_64_TO_32_BIT_CONVERSION = YES;
				GCC_WARN_ABOUT_RETURN_TYPE = YES_ERROR;
				GCC_WARN_UNDECLARED_SELECTOR = YES;
				GCC_WARN_UNINITIALIZED_AUTOS = YES_AGGRESSIVE;
				GCC_WARN_UNUSED_FUNCTION = YES;
				GCC_WARN_UNUSED_VARIABLE = YES;
				IPHONEOS_DEPLOYMENT_TARGET = 14.5;
				MTL_ENABLE_DEBUG_INFO = NO;
				MTL_FAST_MATH = YES;
				SDKROOT = iphoneos;
				SWIFT_COMPILATION_MODE = wholemodule;
				SWIFT_OPTIMIZATION_LEVEL = "-O";
				VALIDATE_PRODUCT = YES;
			};
			name = Release;
		};
		5016911426BA918400FAD6D7 /* Debug */ = {
			isa = XCBuildConfiguration;
			buildSettings = {
				ASSETCATALOG_COMPILER_APPICON_NAME = AppIcon;
				ASSETCATALOG_COMPILER_GLOBAL_ACCENT_COLOR_NAME = AccentColor;
				CODE_SIGN_STYLE = Automatic;
				INFOPLIST_FILE = LoginSample/Info.plist;
				LD_RUNPATH_SEARCH_PATHS = (
					"$(inherited)",
					"@executable_path/Frameworks",
				);
				PRODUCT_BUNDLE_IDENTIFIER = com.example.LoginSample;
				PRODUCT_NAME = "$(TARGET_NAME)";
				SWIFT_VERSION = 5.0;
				TARGETED_DEVICE_FAMILY = "1,2";
			};
			name = Debug;
		};
		5016911526BA918400FAD6D7 /* Release */ = {
			isa = XCBuildConfiguration;
			buildSettings = {
				ASSETCATALOG_COMPILER_APPICON_NAME = AppIcon;
				ASSETCATALOG_COMPILER_GLOBAL_ACCENT_COLOR_NAME = AccentColor;
				CODE_SIGN_STYLE = Automatic;
				INFOPLIST_FILE = LoginSample/Info.plist;
				LD_RUNPATH_SEARCH_PATHS = (
					"$(inherited)",
					"@executable_path/Frameworks",
				);
				PRODUCT_BUNDLE_IDENTIFIER = com.example.LoginSample;
				PRODUCT_NAME = "$(TARGET_NAME)";
				SWIFT_VERSION = 5.0;
				TARGETED_DEVICE_FAMILY = "1,2";
			};
			name = Release;
		};
/* End XCBuildConfiguration section */

/* Begin XCConfigurationList section */
		501690FA26BA918200FAD6D7 /* Build configuration list for PBXProject "LoginSample" */ = {
			isa = XCConfigurationList;
			buildConfigurations = (
				5016911126BA918400FAD6D7 /* Debug */,
				5016911226BA918400FAD6D7 /* Release */,
			);
			defaultConfigurationIsVisible = 0;
			defaultConfigurationName = Release;
		};
		5016911326BA918400FAD6D7 /* Build configuration list for PBXNativeTarget "LoginSample" */ = {
			isa = XCConfigurationList;
			buildConfigurations = (
				5016911426BA918400FAD6D7 /* Debug */,
				5016911526BA918400FAD6D7 /* Release */,
			);
			defaultConfigurationIsVisible = 0;
			defaultConfigurationName = Release;
		};
/* End XCConfigurationList section */
	};
	rootObject = 501690F726BA918200FAD6D7 /* Project object */;
}
